// !$*UTF8*$!
{
	archiveVersion = 1;
	classes = {
	};
	objectVersion = 46;
	objects = {

/* Begin PBXBuildFile section */
		272EE64DEA16715EA486CF62 /* libPods-NNotes.a in Frameworks */ = {isa = PBXBuildFile; fileRef = CC00F48A1EE54848ADB27CA3 /* libPods-NNotes.a */; };
		7D5427681D0D5D4600002073 /* main.m in Sources */ = {isa = PBXBuildFile; fileRef = 7D5427671D0D5D4600002073 /* main.m */; };
		7D54276B1D0D5D4600002073 /* AppDelegate.m in Sources */ = {isa = PBXBuildFile; fileRef = 7D54276A1D0D5D4600002073 /* AppDelegate.m */; };
		7D54276E1D0D5D4600002073 /* ViewController.m in Sources */ = {isa = PBXBuildFile; fileRef = 7D54276D1D0D5D4600002073 /* ViewController.m */; };
		7D5427711D0D5D4600002073 /* Main.storyboard in Resources */ = {isa = PBXBuildFile; fileRef = 7D54276F1D0D5D4600002073 /* Main.storyboard */; };
		7D5427731D0D5D4600002073 /* Assets.xcassets in Resources */ = {isa = PBXBuildFile; fileRef = 7D5427721D0D5D4600002073 /* Assets.xcassets */; };
		7D5427761D0D5D4600002073 /* LaunchScreen.storyboard in Resources */ = {isa = PBXBuildFile; fileRef = 7D5427741D0D5D4600002073 /* LaunchScreen.storyboard */; };
		7D5427811D0D5D4600002073 /* NNotesTests.m in Sources */ = {isa = PBXBuildFile; fileRef = 7D5427801D0D5D4600002073 /* NNotesTests.m */; };
		7D54278C1D0D5D4600002073 /* NNotesUITests.m in Sources */ = {isa = PBXBuildFile; fileRef = 7D54278B1D0D5D4600002073 /* NNotesUITests.m */; };
		7D5427A11D0D628400002073 /* NotesTableViewController.m in Sources */ = {isa = PBXBuildFile; fileRef = 7D5427A01D0D628400002073 /* NotesTableViewController.m */; };
		7D5427A41D0D6BDD00002073 /* Note.m in Sources */ = {isa = PBXBuildFile; fileRef = 7D5427A31D0D6BDD00002073 /* Note.m */; };
		7D5427B31D0D75F500002073 /* DbNotesModel.xcdatamodeld in Sources */ = {isa = PBXBuildFile; fileRef = 7D5427B11D0D75F500002073 /* DbNotesModel.xcdatamodeld */; };
		7D5427BB1D0D786B00002073 /* CoreData.framework in Frameworks */ = {isa = PBXBuildFile; fileRef = 7D5427BA1D0D786B00002073 /* CoreData.framework */; };
		7D5427BE1D0D79A600002073 /* NotesDataController.m in Sources */ = {isa = PBXBuildFile; fileRef = 7D5427BD1D0D79A600002073 /* NotesDataController.m */; };
		B888D966EA25F4A70A1EC518 /* libPods-NNotesTests.a in Frameworks */ = {isa = PBXBuildFile; fileRef = 14A59D0026F1E002AE48CBA3 /* libPods-NNotesTests.a */; };
		C975D7491D4603C600009F10 /* DbNote+CoreDataProperties.m in Sources */ = {isa = PBXBuildFile; fileRef = C975D7461D4603C600009F10 /* DbNote+CoreDataProperties.m */; };
		C975D74A1D4603C600009F10 /* DbNote.m in Sources */ = {isa = PBXBuildFile; fileRef = C975D7481D4603C600009F10 /* DbNote.m */; };
		C975D74D1D46171C00009F10 /* NotesService.m in Sources */ = {isa = PBXBuildFile; fileRef = C975D74C1D46171C00009F10 /* NotesService.m */; };
		C9EB2BF81D3FA61000724F8F /* NotesListCell.m in Sources */ = {isa = PBXBuildFile; fileRef = C9EB2BF71D3FA61000724F8F /* NotesListCell.m */; };
		EC32C515A59A11021DE069AC /* libPods-NNotesUITests.a in Frameworks */ = {isa = PBXBuildFile; fileRef = CE6D3040C9800AC2E90D54A1 /* libPods-NNotesUITests.a */; };
/* End PBXBuildFile section */

/* Begin PBXContainerItemProxy section */
		7D54277D1D0D5D4600002073 /* PBXContainerItemProxy */ = {
			isa = PBXContainerItemProxy;
			containerPortal = 7D54275B1D0D5D4600002073 /* Project object */;
			proxyType = 1;
			remoteGlobalIDString = 7D5427621D0D5D4600002073;
			remoteInfo = NNotes;
		};
		7D5427881D0D5D4600002073 /* PBXContainerItemProxy */ = {
			isa = PBXContainerItemProxy;
			containerPortal = 7D54275B1D0D5D4600002073 /* Project object */;
			proxyType = 1;
			remoteGlobalIDString = 7D5427621D0D5D4600002073;
			remoteInfo = NNotes;
		};
/* End PBXContainerItemProxy section */

/* Begin PBXFileReference section */
		0D02DF067DF1820F09F9883D /* Pods-NNotesTests.release.xcconfig */ = {isa = PBXFileReference; includeInIndex = 1; lastKnownFileType = text.xcconfig; name = "Pods-NNotesTests.release.xcconfig"; path = "Pods/Target Support Files/Pods-NNotesTests/Pods-NNotesTests.release.xcconfig"; sourceTree = "<group>"; };
		14A59D0026F1E002AE48CBA3 /* libPods-NNotesTests.a */ = {isa = PBXFileReference; explicitFileType = archive.ar; includeInIndex = 0; path = "libPods-NNotesTests.a"; sourceTree = BUILT_PRODUCTS_DIR; };
		4BFCB16C70D63EABB0266859 /* Pods-NNotesTests.debug.xcconfig */ = {isa = PBXFileReference; includeInIndex = 1; lastKnownFileType = text.xcconfig; name = "Pods-NNotesTests.debug.xcconfig"; path = "Pods/Target Support Files/Pods-NNotesTests/Pods-NNotesTests.debug.xcconfig"; sourceTree = "<group>"; };
		58C642D6236CEBA3C739FA92 /* Pods-NNotesUITests.release.xcconfig */ = {isa = PBXFileReference; includeInIndex = 1; lastKnownFileType = text.xcconfig; name = "Pods-NNotesUITests.release.xcconfig"; path = "Pods/Target Support Files/Pods-NNotesUITests/Pods-NNotesUITests.release.xcconfig"; sourceTree = "<group>"; };
		7D5427631D0D5D4600002073 /* NNotes.app */ = {isa = PBXFileReference; explicitFileType = wrapper.application; includeInIndex = 0; path = NNotes.app; sourceTree = BUILT_PRODUCTS_DIR; };
		7D5427671D0D5D4600002073 /* main.m */ = {isa = PBXFileReference; lastKnownFileType = sourcecode.c.objc; path = main.m; sourceTree = "<group>"; };
		7D5427691D0D5D4600002073 /* AppDelegate.h */ = {isa = PBXFileReference; lastKnownFileType = sourcecode.c.h; path = AppDelegate.h; sourceTree = "<group>"; };
		7D54276A1D0D5D4600002073 /* AppDelegate.m */ = {isa = PBXFileReference; lastKnownFileType = sourcecode.c.objc; path = AppDelegate.m; sourceTree = "<group>"; };
		7D54276C1D0D5D4600002073 /* ViewController.h */ = {isa = PBXFileReference; lastKnownFileType = sourcecode.c.h; path = ViewController.h; sourceTree = "<group>"; };
		7D54276D1D0D5D4600002073 /* ViewController.m */ = {isa = PBXFileReference; lastKnownFileType = sourcecode.c.objc; path = ViewController.m; sourceTree = "<group>"; };
		7D5427701D0D5D4600002073 /* Base */ = {isa = PBXFileReference; lastKnownFileType = file.storyboard; name = Base; path = Base.lproj/Main.storyboard; sourceTree = "<group>"; };
		7D5427721D0D5D4600002073 /* Assets.xcassets */ = {isa = PBXFileReference; lastKnownFileType = folder.assetcatalog; path = Assets.xcassets; sourceTree = "<group>"; };
		7D5427751D0D5D4600002073 /* Base */ = {isa = PBXFileReference; lastKnownFileType = file.storyboard; name = Base; path = Base.lproj/LaunchScreen.storyboard; sourceTree = "<group>"; };
		7D5427771D0D5D4600002073 /* Info.plist */ = {isa = PBXFileReference; lastKnownFileType = text.plist.xml; path = Info.plist; sourceTree = "<group>"; };
		7D54277C1D0D5D4600002073 /* NNotesTests.xctest */ = {isa = PBXFileReference; explicitFileType = wrapper.cfbundle; includeInIndex = 0; path = NNotesTests.xctest; sourceTree = BUILT_PRODUCTS_DIR; };
		7D5427801D0D5D4600002073 /* NNotesTests.m */ = {isa = PBXFileReference; lastKnownFileType = sourcecode.c.objc; path = NNotesTests.m; sourceTree = "<group>"; };
		7D5427821D0D5D4600002073 /* Info.plist */ = {isa = PBXFileReference; lastKnownFileType = text.plist.xml; path = Info.plist; sourceTree = "<group>"; };
		7D5427871D0D5D4600002073 /* NNotesUITests.xctest */ = {isa = PBXFileReference; explicitFileType = wrapper.cfbundle; includeInIndex = 0; path = NNotesUITests.xctest; sourceTree = BUILT_PRODUCTS_DIR; };
		7D54278B1D0D5D4600002073 /* NNotesUITests.m */ = {isa = PBXFileReference; lastKnownFileType = sourcecode.c.objc; path = NNotesUITests.m; sourceTree = "<group>"; };
		7D54278D1D0D5D4600002073 /* Info.plist */ = {isa = PBXFileReference; lastKnownFileType = text.plist.xml; path = Info.plist; sourceTree = "<group>"; };
		7D54279F1D0D628400002073 /* NotesTableViewController.h */ = {isa = PBXFileReference; fileEncoding = 4; lastKnownFileType = sourcecode.c.h; path = NotesTableViewController.h; sourceTree = "<group>"; };
		7D5427A01D0D628400002073 /* NotesTableViewController.m */ = {isa = PBXFileReference; fileEncoding = 4; lastKnownFileType = sourcecode.c.objc; path = NotesTableViewController.m; sourceTree = "<group>"; };
		7D5427A21D0D6BDD00002073 /* Note.h */ = {isa = PBXFileReference; fileEncoding = 4; lastKnownFileType = sourcecode.c.h; path = Note.h; sourceTree = "<group>"; };
		7D5427A31D0D6BDD00002073 /* Note.m */ = {isa = PBXFileReference; fileEncoding = 4; lastKnownFileType = sourcecode.c.objc; path = Note.m; sourceTree = "<group>"; };
		7D5427B21D0D75F500002073 /* DbNotesModel.xcdatamodel */ = {isa = PBXFileReference; lastKnownFileType = wrapper.xcdatamodel; path = DbNotesModel.xcdatamodel; sourceTree = "<group>"; };
		7D5427BA1D0D786B00002073 /* CoreData.framework */ = {isa = PBXFileReference; lastKnownFileType = wrapper.framework; name = CoreData.framework; path = System/Library/Frameworks/CoreData.framework; sourceTree = SDKROOT; };
		7D5427BC1D0D79A600002073 /* NotesDataController.h */ = {isa = PBXFileReference; fileEncoding = 4; lastKnownFileType = sourcecode.c.h; path = NotesDataController.h; sourceTree = "<group>"; };
		7D5427BD1D0D79A600002073 /* NotesDataController.m */ = {isa = PBXFileReference; fileEncoding = 4; lastKnownFileType = sourcecode.c.objc; path = NotesDataController.m; sourceTree = "<group>"; };
		9577E23AD2C2A87811BEF81A /* Pods-NNotes.release.xcconfig */ = {isa = PBXFileReference; includeInIndex = 1; lastKnownFileType = text.xcconfig; name = "Pods-NNotes.release.xcconfig"; path = "Pods/Target Support Files/Pods-NNotes/Pods-NNotes.release.xcconfig"; sourceTree = "<group>"; };
		A7B323C631A6D69D95E81A06 /* Pods-NNotesUITests.debug.xcconfig */ = {isa = PBXFileReference; includeInIndex = 1; lastKnownFileType = text.xcconfig; name = "Pods-NNotesUITests.debug.xcconfig"; path = "Pods/Target Support Files/Pods-NNotesUITests/Pods-NNotesUITests.debug.xcconfig"; sourceTree = "<group>"; };
		B420FFB06D57ACFCE3A8CA2D /* Pods-NNotes.debug.xcconfig */ = {isa = PBXFileReference; includeInIndex = 1; lastKnownFileType = text.xcconfig; name = "Pods-NNotes.debug.xcconfig"; path = "Pods/Target Support Files/Pods-NNotes/Pods-NNotes.debug.xcconfig"; sourceTree = "<group>"; };
		C975D7451D4603C600009F10 /* DbNote+CoreDataProperties.h */ = {isa = PBXFileReference; fileEncoding = 4; lastKnownFileType = sourcecode.c.h; path = "DbNote+CoreDataProperties.h"; sourceTree = "<group>"; };
		C975D7461D4603C600009F10 /* DbNote+CoreDataProperties.m */ = {isa = PBXFileReference; fileEncoding = 4; lastKnownFileType = sourcecode.c.objc; path = "DbNote+CoreDataProperties.m"; sourceTree = "<group>"; };
		C975D7471D4603C600009F10 /* DbNote.h */ = {isa = PBXFileReference; fileEncoding = 4; lastKnownFileType = sourcecode.c.h; path = DbNote.h; sourceTree = "<group>"; };
		C975D7481D4603C600009F10 /* DbNote.m */ = {isa = PBXFileReference; fileEncoding = 4; lastKnownFileType = sourcecode.c.objc; path = DbNote.m; sourceTree = "<group>"; };
		C975D74B1D46171C00009F10 /* NotesService.h */ = {isa = PBXFileReference; fileEncoding = 4; lastKnownFileType = sourcecode.c.h; path = NotesService.h; sourceTree = "<group>"; };
		C975D74C1D46171C00009F10 /* NotesService.m */ = {isa = PBXFileReference; fileEncoding = 4; lastKnownFileType = sourcecode.c.objc; path = NotesService.m; sourceTree = "<group>"; };
		C9EB2BF61D3FA61000724F8F /* NotesListCell.h */ = {isa = PBXFileReference; fileEncoding = 4; lastKnownFileType = sourcecode.c.h; path = NotesListCell.h; sourceTree = "<group>"; };
		C9EB2BF71D3FA61000724F8F /* NotesListCell.m */ = {isa = PBXFileReference; fileEncoding = 4; lastKnownFileType = sourcecode.c.objc; path = NotesListCell.m; sourceTree = "<group>"; };
		CC00F48A1EE54848ADB27CA3 /* libPods-NNotes.a */ = {isa = PBXFileReference; explicitFileType = archive.ar; includeInIndex = 0; path = "libPods-NNotes.a"; sourceTree = BUILT_PRODUCTS_DIR; };
		CE6D3040C9800AC2E90D54A1 /* libPods-NNotesUITests.a */ = {isa = PBXFileReference; explicitFileType = archive.ar; includeInIndex = 0; path = "libPods-NNotesUITests.a"; sourceTree = BUILT_PRODUCTS_DIR; };
/* End PBXFileReference section */

/* Begin PBXFrameworksBuildPhase section */
		7D5427601D0D5D4600002073 /* Frameworks */ = {
			isa = PBXFrameworksBuildPhase;
			buildActionMask = 2147483647;
			files = (
				7D5427BB1D0D786B00002073 /* CoreData.framework in Frameworks */,
				272EE64DEA16715EA486CF62 /* libPods-NNotes.a in Frameworks */,
			);
			runOnlyForDeploymentPostprocessing = 0;
		};
		7D5427791D0D5D4600002073 /* Frameworks */ = {
			isa = PBXFrameworksBuildPhase;
			buildActionMask = 2147483647;
			files = (
				B888D966EA25F4A70A1EC518 /* libPods-NNotesTests.a in Frameworks */,
			);
			runOnlyForDeploymentPostprocessing = 0;
		};
		7D5427841D0D5D4600002073 /* Frameworks */ = {
			isa = PBXFrameworksBuildPhase;
			buildActionMask = 2147483647;
			files = (
				EC32C515A59A11021DE069AC /* libPods-NNotesUITests.a in Frameworks */,
			);
			runOnlyForDeploymentPostprocessing = 0;
		};
/* End PBXFrameworksBuildPhase section */

/* Begin PBXGroup section */
		7D54275A1D0D5D4600002073 = {
			isa = PBXGroup;
			children = (
				7D5427BA1D0D786B00002073 /* CoreData.framework */,
				7D5427651D0D5D4600002073 /* NNotes */,
				7D54277F1D0D5D4600002073 /* NNotesTests */,
				7D54278A1D0D5D4600002073 /* NNotesUITests */,
				7D5427641D0D5D4600002073 /* Products */,
				ABA5F7C4274F6FCE099344CE /* Pods */,
				BA8946810354DE3B93344B04 /* Frameworks */,
			);
			sourceTree = "<group>";
		};
		7D5427641D0D5D4600002073 /* Products */ = {
			isa = PBXGroup;
			children = (
				7D5427631D0D5D4600002073 /* NNotes.app */,
				7D54277C1D0D5D4600002073 /* NNotesTests.xctest */,
				7D5427871D0D5D4600002073 /* NNotesUITests.xctest */,
			);
			name = Products;
			sourceTree = "<group>";
		};
		7D5427651D0D5D4600002073 /* NNotes */ = {
			isa = PBXGroup;
			children = (
				7D5427691D0D5D4600002073 /* AppDelegate.h */,
				7D54276A1D0D5D4600002073 /* AppDelegate.m */,
				7D54276C1D0D5D4600002073 /* ViewController.h */,
				7D54276D1D0D5D4600002073 /* ViewController.m */,
				7D54276F1D0D5D4600002073 /* Main.storyboard */,
				7D5427721D0D5D4600002073 /* Assets.xcassets */,
				7D5427741D0D5D4600002073 /* LaunchScreen.storyboard */,
				7D5427771D0D5D4600002073 /* Info.plist */,
				7D5427661D0D5D4600002073 /* Supporting Files */,
				7D54279F1D0D628400002073 /* NotesTableViewController.h */,
				7D5427A01D0D628400002073 /* NotesTableViewController.m */,
				7D5427A21D0D6BDD00002073 /* Note.h */,
				7D5427A31D0D6BDD00002073 /* Note.m */,
				7D5427B11D0D75F500002073 /* DbNotesModel.xcdatamodeld */,
				7D5427BC1D0D79A600002073 /* NotesDataController.h */,
				7D5427BD1D0D79A600002073 /* NotesDataController.m */,
				C9EB2BF61D3FA61000724F8F /* NotesListCell.h */,
				C9EB2BF71D3FA61000724F8F /* NotesListCell.m */,
				C975D7451D4603C600009F10 /* DbNote+CoreDataProperties.h */,
				C975D7461D4603C600009F10 /* DbNote+CoreDataProperties.m */,
				C975D7471D4603C600009F10 /* DbNote.h */,
				C975D7481D4603C600009F10 /* DbNote.m */,
				C975D74B1D46171C00009F10 /* NotesService.h */,
				C975D74C1D46171C00009F10 /* NotesService.m */,
			);
			path = NNotes;
			sourceTree = "<group>";
		};
		7D5427661D0D5D4600002073 /* Supporting Files */ = {
			isa = PBXGroup;
			children = (
				7D5427671D0D5D4600002073 /* main.m */,
			);
			name = "Supporting Files";
			sourceTree = "<group>";
		};
		7D54277F1D0D5D4600002073 /* NNotesTests */ = {
			isa = PBXGroup;
			children = (
				7D5427801D0D5D4600002073 /* NNotesTests.m */,
				7D5427821D0D5D4600002073 /* Info.plist */,
			);
			path = NNotesTests;
			sourceTree = "<group>";
		};
		7D54278A1D0D5D4600002073 /* NNotesUITests */ = {
			isa = PBXGroup;
			children = (
				7D54278B1D0D5D4600002073 /* NNotesUITests.m */,
				7D54278D1D0D5D4600002073 /* Info.plist */,
			);
			path = NNotesUITests;
			sourceTree = "<group>";
		};
		ABA5F7C4274F6FCE099344CE /* Pods */ = {
			isa = PBXGroup;
			children = (
				B420FFB06D57ACFCE3A8CA2D /* Pods-NNotes.debug.xcconfig */,
				9577E23AD2C2A87811BEF81A /* Pods-NNotes.release.xcconfig */,
				4BFCB16C70D63EABB0266859 /* Pods-NNotesTests.debug.xcconfig */,
				0D02DF067DF1820F09F9883D /* Pods-NNotesTests.release.xcconfig */,
				A7B323C631A6D69D95E81A06 /* Pods-NNotesUITests.debug.xcconfig */,
				58C642D6236CEBA3C739FA92 /* Pods-NNotesUITests.release.xcconfig */,
			);
			name = Pods;
			sourceTree = "<group>";
		};
		BA8946810354DE3B93344B04 /* Frameworks */ = {
			isa = PBXGroup;
			children = (
				CC00F48A1EE54848ADB27CA3 /* libPods-NNotes.a */,
				14A59D0026F1E002AE48CBA3 /* libPods-NNotesTests.a */,
				CE6D3040C9800AC2E90D54A1 /* libPods-NNotesUITests.a */,
			);
			name = Frameworks;
			sourceTree = "<group>";
		};
/* End PBXGroup section */

/* Begin PBXNativeTarget section */
		7D5427621D0D5D4600002073 /* NNotes */ = {
			isa = PBXNativeTarget;
			buildConfigurationList = 7D5427901D0D5D4600002073 /* Build configuration list for PBXNativeTarget "NNotes" */;
			buildPhases = (
				3FD471B7CB5D469452F2A10C /* [CP] Check Pods Manifest.lock */,
				7D54275F1D0D5D4600002073 /* Sources */,
				7D5427601D0D5D4600002073 /* Frameworks */,
				7D5427611D0D5D4600002073 /* Resources */,
				A5CCB29924BA505C7F66B561 /* [CP] Embed Pods Frameworks */,
				9B459B63ABD8EF98DE27FB78 /* [CP] Copy Pods Resources */,
			);
			buildRules = (
			);
			dependencies = (
			);
			name = NNotes;
			productName = NNotes;
			productReference = 7D5427631D0D5D4600002073 /* NNotes.app */;
			productType = "com.apple.product-type.application";
		};
		7D54277B1D0D5D4600002073 /* NNotesTests */ = {
			isa = PBXNativeTarget;
			buildConfigurationList = 7D5427931D0D5D4600002073 /* Build configuration list for PBXNativeTarget "NNotesTests" */;
			buildPhases = (
				7E7676B15811778169B87A3C /* [CP] Check Pods Manifest.lock */,
				7D5427781D0D5D4600002073 /* Sources */,
				7D5427791D0D5D4600002073 /* Frameworks */,
				7D54277A1D0D5D4600002073 /* Resources */,
				500919382B067A5CD5C86299 /* [CP] Embed Pods Frameworks */,
				0C5BFED8D32E2CFA7C276EFD /* [CP] Copy Pods Resources */,
			);
			buildRules = (
			);
			dependencies = (
				7D54277E1D0D5D4600002073 /* PBXTargetDependency */,
			);
			name = NNotesTests;
			productName = NNotesTests;
			productReference = 7D54277C1D0D5D4600002073 /* NNotesTests.xctest */;
			productType = "com.apple.product-type.bundle.unit-test";
		};
		7D5427861D0D5D4600002073 /* NNotesUITests */ = {
			isa = PBXNativeTarget;
			buildConfigurationList = 7D5427961D0D5D4600002073 /* Build configuration list for PBXNativeTarget "NNotesUITests" */;
			buildPhases = (
				56FA5774D304117C06551E7E /* [CP] Check Pods Manifest.lock */,
				7D5427831D0D5D4600002073 /* Sources */,
				7D5427841D0D5D4600002073 /* Frameworks */,
				7D5427851D0D5D4600002073 /* Resources */,
				168978F71547BCC03AF1ABB7 /* [CP] Copy Pods Resources */,
			);
			buildRules = (
			);
			dependencies = (
				7D5427891D0D5D4600002073 /* PBXTargetDependency */,
			);
			name = NNotesUITests;
			productName = NNotesUITests;
			productReference = 7D5427871D0D5D4600002073 /* NNotesUITests.xctest */;
			productType = "com.apple.product-type.bundle.ui-testing";
		};
/* End PBXNativeTarget section */

/* Begin PBXProject section */
		7D54275B1D0D5D4600002073 /* Project object */ = {
			isa = PBXProject;
			attributes = {
				LastUpgradeCheck = 0710;
				ORGANIZATIONNAME = "Ольга Выростко";
				TargetAttributes = {
					7D5427621D0D5D4600002073 = {
						CreatedOnToolsVersion = 7.1;
					};
					7D54277B1D0D5D4600002073 = {
						CreatedOnToolsVersion = 7.1;
						TestTargetID = 7D5427621D0D5D4600002073;
					};
					7D5427861D0D5D4600002073 = {
						CreatedOnToolsVersion = 7.1;
						TestTargetID = 7D5427621D0D5D4600002073;
					};
				};
			};
			buildConfigurationList = 7D54275E1D0D5D4600002073 /* Build configuration list for PBXProject "NNotes" */;
			compatibilityVersion = "Xcode 3.2";
			developmentRegion = English;
			hasScannedForEncodings = 0;
			knownRegions = (
				en,
				Base,
			);
			mainGroup = 7D54275A1D0D5D4600002073;
			productRefGroup = 7D5427641D0D5D4600002073 /* Products */;
			projectDirPath = "";
			projectRoot = "";
			targets = (
				7D5427621D0D5D4600002073 /* NNotes */,
				7D54277B1D0D5D4600002073 /* NNotesTests */,
				7D5427861D0D5D4600002073 /* NNotesUITests */,
			);
		};
/* End PBXProject section */

/* Begin PBXResourcesBuildPhase section */
		7D5427611D0D5D4600002073 /* Resources */ = {
			isa = PBXResourcesBuildPhase;
			buildActionMask = 2147483647;
			files = (
				7D5427761D0D5D4600002073 /* LaunchScreen.storyboard in Resources */,
				7D5427731D0D5D4600002073 /* Assets.xcassets in Resources */,
				7D5427711D0D5D4600002073 /* Main.storyboard in Resources */,
			);
			runOnlyForDeploymentPostprocessing = 0;
		};
		7D54277A1D0D5D4600002073 /* Resources */ = {
			isa = PBXResourcesBuildPhase;
			buildActionMask = 2147483647;
			files = (
			);
			runOnlyForDeploymentPostprocessing = 0;
		};
		7D5427851D0D5D4600002073 /* Resources */ = {
			isa = PBXResourcesBuildPhase;
			buildActionMask = 2147483647;
			files = (
			);
			runOnlyForDeploymentPostprocessing = 0;
		};
/* End PBXResourcesBuildPhase section */

/* Begin PBXShellScriptBuildPhase section */
		0C5BFED8D32E2CFA7C276EFD /* [CP] Copy Pods Resources */ = {
			isa = PBXShellScriptBuildPhase;
			buildActionMask = 2147483647;
			files = (
			);
			inputPaths = (
			);
			name = "[CP] Copy Pods Resources";
			outputPaths = (
			);
			runOnlyForDeploymentPostprocessing = 0;
			shellPath = /bin/sh;
			shellScript = "\"${SRCROOT}/Pods/Target Support Files/Pods-NNotesTests/Pods-NNotesTests-resources.sh\"\n";
			showEnvVarsInLog = 0;
		};
		168978F71547BCC03AF1ABB7 /* [CP] Copy Pods Resources */ = {
			isa = PBXShellScriptBuildPhase;
			buildActionMask = 2147483647;
			files = (
			);
			inputPaths = (
			);
			name = "[CP] Copy Pods Resources";
			outputPaths = (
			);
			runOnlyForDeploymentPostprocessing = 0;
			shellPath = /bin/sh;
			shellScript = "\"${SRCROOT}/Pods/Target Support Files/Pods-NNotesUITests/Pods-NNotesUITests-resources.sh\"\n";
			showEnvVarsInLog = 0;
		};
		3FD471B7CB5D469452F2A10C /* [CP] Check Pods Manifest.lock */ = {
			isa = PBXShellScriptBuildPhase;
			buildActionMask = 2147483647;
			files = (
			);
			inputPaths = (
			);
			name = "[CP] Check Pods Manifest.lock";
			outputPaths = (
			);
			runOnlyForDeploymentPostprocessing = 0;
			shellPath = /bin/sh;
			shellScript = "diff \"${PODS_ROOT}/../Podfile.lock\" \"${PODS_ROOT}/Manifest.lock\" > /dev/null\nif [[ $? != 0 ]] ; then\n    cat << EOM\nerror: The sandbox is not in sync with the Podfile.lock. Run 'pod install' or update your CocoaPods installation.\nEOM\n    exit 1\nfi\n";
			showEnvVarsInLog = 0;
		};
		500919382B067A5CD5C86299 /* [CP] Embed Pods Frameworks */ = {
			isa = PBXShellScriptBuildPhase;
			buildActionMask = 2147483647;
			files = (
			);
			inputPaths = (
			);
			name = "[CP] Embed Pods Frameworks";
			outputPaths = (
			);
			runOnlyForDeploymentPostprocessing = 0;
			shellPath = /bin/sh;
			shellScript = "\"${SRCROOT}/Pods/Target Support Files/Pods-NNotesTests/Pods-NNotesTests-frameworks.sh\"\n";
			showEnvVarsInLog = 0;
		};
		56FA5774D304117C06551E7E /* [CP] Check Pods Manifest.lock */ = {
			isa = PBXShellScriptBuildPhase;
			buildActionMask = 2147483647;
			files = (
			);
			inputPaths = (
			);
			name = "[CP] Check Pods Manifest.lock";
			outputPaths = (
			);
			runOnlyForDeploymentPostprocessing = 0;
			shellPath = /bin/sh;
			shellScript = "diff \"${PODS_ROOT}/../Podfile.lock\" \"${PODS_ROOT}/Manifest.lock\" > /dev/null\nif [[ $? != 0 ]] ; then\n    cat << EOM\nerror: The sandbox is not in sync with the Podfile.lock. Run 'pod install' or update your CocoaPods installation.\nEOM\n    exit 1\nfi\n";
			showEnvVarsInLog = 0;
		};
		7E7676B15811778169B87A3C /* [CP] Check Pods Manifest.lock */ = {
			isa = PBXShellScriptBuildPhase;
			buildActionMask = 2147483647;
			files = (
			);
			inputPaths = (
			);
			name = "[CP] Check Pods Manifest.lock";
			outputPaths = (
			);
			runOnlyForDeploymentPostprocessing = 0;
			shellPath = /bin/sh;
			shellScript = "diff \"${PODS_ROOT}/../Podfile.lock\" \"${PODS_ROOT}/Manifest.lock\" > /dev/null\nif [[ $? != 0 ]] ; then\n    cat << EOM\nerror: The sandbox is not in sync with the Podfile.lock. Run 'pod install' or update your CocoaPods installation.\nEOM\n    exit 1\nfi\n";
			showEnvVarsInLog = 0;
		};
		9B459B63ABD8EF98DE27FB78 /* [CP] Copy Pods Resources */ = {
			isa = PBXShellScriptBuildPhase;
			buildActionMask = 2147483647;
			files = (
			);
			inputPaths = (
			);
			name = "[CP] Copy Pods Resources";
			outputPaths = (
			);
			runOnlyForDeploymentPostprocessing = 0;
			shellPath = /bin/sh;
			shellScript = "\"${SRCROOT}/Pods/Target Support Files/Pods-NNotes/Pods-NNotes-resources.sh\"\n";
			showEnvVarsInLog = 0;
		};
		A5CCB29924BA505C7F66B561 /* [CP] Embed Pods Frameworks */ = {
			isa = PBXShellScriptBuildPhase;
			buildActionMask = 2147483647;
			files = (
			);
			inputPaths = (
			);
			name = "[CP] Embed Pods Frameworks";
			outputPaths = (
			);
			runOnlyForDeploymentPostprocessing = 0;
			shellPath = /bin/sh;
			shellScript = "\"${SRCROOT}/Pods/Target Support Files/Pods-NNotes/Pods-NNotes-frameworks.sh\"\n";
			showEnvVarsInLog = 0;
		};
/* End PBXShellScriptBuildPhase section */

/* Begin PBXSourcesBuildPhase section */
		7D54275F1D0D5D4600002073 /* Sources */ = {
			isa = PBXSourcesBuildPhase;
			buildActionMask = 2147483647;
			files = (
				7D5427A41D0D6BDD00002073 /* Note.m in Sources */,
				7D54276E1D0D5D4600002073 /* ViewController.m in Sources */,
				7D5427A11D0D628400002073 /* NotesTableViewController.m in Sources */,
				7D54276B1D0D5D4600002073 /* AppDelegate.m in Sources */,
				7D5427681D0D5D4600002073 /* main.m in Sources */,
				C975D74A1D4603C600009F10 /* DbNote.m in Sources */,
				C975D7491D4603C600009F10 /* DbNote+CoreDataProperties.m in Sources */,
				7D5427B31D0D75F500002073 /* DbNotesModel.xcdatamodeld in Sources */,
				C975D74D1D46171C00009F10 /* NotesService.m in Sources */,
				C9EB2BF81D3FA61000724F8F /* NotesListCell.m in Sources */,
				7D5427BE1D0D79A600002073 /* NotesDataController.m in Sources */,
			);
			runOnlyForDeploymentPostprocessing = 0;
		};
		7D5427781D0D5D4600002073 /* Sources */ = {
			isa = PBXSourcesBuildPhase;
			buildActionMask = 2147483647;
			files = (
				7D5427811D0D5D4600002073 /* NNotesTests.m in Sources */,
			);
			runOnlyForDeploymentPostprocessing = 0;
		};
		7D5427831D0D5D4600002073 /* Sources */ = {
			isa = PBXSourcesBuildPhase;
			buildActionMask = 2147483647;
			files = (
				7D54278C1D0D5D4600002073 /* NNotesUITests.m in Sources */,
			);
			runOnlyForDeploymentPostprocessing = 0;
		};
/* End PBXSourcesBuildPhase section */

/* Begin PBXTargetDependency section */
		7D54277E1D0D5D4600002073 /* PBXTargetDependency */ = {
			isa = PBXTargetDependency;
			target = 7D5427621D0D5D4600002073 /* NNotes */;
			targetProxy = 7D54277D1D0D5D4600002073 /* PBXContainerItemProxy */;
		};
		7D5427891D0D5D4600002073 /* PBXTargetDependency */ = {
			isa = PBXTargetDependency;
			target = 7D5427621D0D5D4600002073 /* NNotes */;
			targetProxy = 7D5427881D0D5D4600002073 /* PBXContainerItemProxy */;
		};
/* End PBXTargetDependency section */

/* Begin PBXVariantGroup section */
		7D54276F1D0D5D4600002073 /* Main.storyboard */ = {
			isa = PBXVariantGroup;
			children = (
				7D5427701D0D5D4600002073 /* Base */,
			);
			name = Main.storyboard;
			sourceTree = "<group>";
		};
		7D5427741D0D5D4600002073 /* LaunchScreen.storyboard */ = {
			isa = PBXVariantGroup;
			children = (
				7D5427751D0D5D4600002073 /* Base */,
			);
			name = LaunchScreen.storyboard;
			sourceTree = "<group>";
		};
/* End PBXVariantGroup section */

/* Begin XCBuildConfiguration section */
		7D54278E1D0D5D4600002073 /* Debug */ = {
			isa = XCBuildConfiguration;
			buildSettings = {
				ALWAYS_SEARCH_USER_PATHS = NO;
				CLANG_CXX_LANGUAGE_STANDARD = "gnu++0x";
				CLANG_CXX_LIBRARY = "libc++";
				CLANG_ENABLE_MODULES = YES;
				CLANG_ENABLE_OBJC_ARC = YES;
				CLANG_WARN_BOOL_CONVERSION = YES;
				CLANG_WARN_CONSTANT_CONVERSION = YES;
				CLANG_WARN_DIRECT_OBJC_ISA_USAGE = YES_ERROR;
				CLANG_WARN_EMPTY_BODY = YES;
				CLANG_WARN_ENUM_CONVERSION = YES;
				CLANG_WARN_INT_CONVERSION = YES;
				CLANG_WARN_OBJC_ROOT_CLASS = YES_ERROR;
				CLANG_WARN_UNREACHABLE_CODE = YES;
				CLANG_WARN__DUPLICATE_METHOD_MATCH = YES;
				"CODE_SIGN_IDENTITY[sdk=iphoneos*]" = "iPhone Developer";
				COPY_PHASE_STRIP = NO;
				DEBUG_INFORMATION_FORMAT = dwarf;
				ENABLE_STRICT_OBJC_MSGSEND = YES;
				ENABLE_TESTABILITY = YES;
				GCC_C_LANGUAGE_STANDARD = gnu99;
				GCC_DYNAMIC_NO_PIC = NO;
				GCC_NO_COMMON_BLOCKS = YES;
				GCC_OPTIMIZATION_LEVEL = 0;
				GCC_PREPROCESSOR_DEFINITIONS = (
					"DEBUG=1",
					"$(inherited)",
				);
				GCC_WARN_64_TO_32_BIT_CONVERSION = YES;
				GCC_WARN_ABOUT_RETURN_TYPE = YES_ERROR;
				GCC_WARN_UNDECLARED_SELECTOR = YES;
				GCC_WARN_UNINITIALIZED_AUTOS = YES_AGGRESSIVE;
				GCC_WARN_UNUSED_FUNCTION = YES;
				GCC_WARN_UNUSED_VARIABLE = YES;
				IPHONEOS_DEPLOYMENT_TARGET = 9.1;
				MTL_ENABLE_DEBUG_INFO = YES;
				ONLY_ACTIVE_ARCH = YES;
				SDKROOT = iphoneos;
				TARGETED_DEVICE_FAMILY = "1,2";
			};
			name = Debug;
		};
		7D54278F1D0D5D4600002073 /* Release */ = {
			isa = XCBuildConfiguration;
			buildSettings = {
				ALWAYS_SEARCH_USER_PATHS = NO;
				CLANG_CXX_LANGUAGE_STANDARD = "gnu++0x";
				CLANG_CXX_LIBRARY = "libc++";
				CLANG_ENABLE_MODULES = YES;
				CLANG_ENABLE_OBJC_ARC = YES;
				CLANG_WARN_BOOL_CONVERSION = YES;
				CLANG_WARN_CONSTANT_CONVERSION = YES;
				CLANG_WARN_DIRECT_OBJC_ISA_USAGE = YES_ERROR;
				CLANG_WARN_EMPTY_BODY = YES;
				CLANG_WARN_ENUM_CONVERSION = YES;
				CLANG_WARN_INT_CONVERSION = YES;
				CLANG_WARN_OBJC_ROOT_CLASS = YES_ERROR;
				CLANG_WARN_UNREACHABLE_CODE = YES;
				CLANG_WARN__DUPLICATE_METHOD_MATCH = YES;
				"CODE_SIGN_IDENTITY[sdk=iphoneos*]" = "iPhone Developer";
				COPY_PHASE_STRIP = NO;
				DEBUG_INFORMATION_FORMAT = "dwarf-with-dsym";
				ENABLE_NS_ASSERTIONS = NO;
				ENABLE_STRICT_OBJC_MSGSEND = YES;
				GCC_C_LANGUAGE_STANDARD = gnu99;
				GCC_NO_COMMON_BLOCKS = YES;
				GCC_WARN_64_TO_32_BIT_CONVERSION = YES;
				GCC_WARN_ABOUT_RETURN_TYPE = YES_ERROR;
				GCC_WARN_UNDECLARED_SELECTOR = YES;
				GCC_WARN_UNINITIALIZED_AUTOS = YES_AGGRESSIVE;
				GCC_WARN_UNUSED_FUNCTION = YES;
				GCC_WARN_UNUSED_VARIABLE = YES;
				IPHONEOS_DEPLOYMENT_TARGET = 9.1;
				MTL_ENABLE_DEBUG_INFO = NO;
				SDKROOT = iphoneos;
				TARGETED_DEVICE_FAMILY = "1,2";
				VALIDATE_PRODUCT = YES;
			};
			name = Release;
		};
		7D5427911D0D5D4600002073 /* Debug */ = {
			isa = XCBuildConfiguration;
			baseConfigurationReference = B420FFB06D57ACFCE3A8CA2D /* Pods-NNotes.debug.xcconfig */;
			buildSettings = {
				ASSETCATALOG_COMPILER_APPICON_NAME = AppIcon;
				INFOPLIST_FILE = NNotes/Info.plist;
				LD_RUNPATH_SEARCH_PATHS = "$(inherited) @executable_path/Frameworks";
				PRODUCT_BUNDLE_IDENTIFIER = "-.NNotes";
				PRODUCT_NAME = "$(TARGET_NAME)";
				TARGETED_DEVICE_FAMILY = "1,2";
			};
			name = Debug;
		};
		7D5427921D0D5D4600002073 /* Release */ = {
			isa = XCBuildConfiguration;
			baseConfigurationReference = 9577E23AD2C2A87811BEF81A /* Pods-NNotes.release.xcconfig */;
			buildSettings = {
				ASSETCATALOG_COMPILER_APPICON_NAME = AppIcon;
				INFOPLIST_FILE = NNotes/Info.plist;
				LD_RUNPATH_SEARCH_PATHS = "$(inherited) @executable_path/Frameworks";
				PRODUCT_BUNDLE_IDENTIFIER = "-.NNotes";
				PRODUCT_NAME = "$(TARGET_NAME)";
				TARGETED_DEVICE_FAMILY = "1,2";
			};
			name = Release;
		};
		7D5427941D0D5D4600002073 /* Debug */ = {
			isa = XCBuildConfiguration;
			baseConfigurationReference = 4BFCB16C70D63EABB0266859 /* Pods-NNotesTests.debug.xcconfig */;
			buildSettings = {
				BUNDLE_LOADER = "$(TEST_HOST)";
				INFOPLIST_FILE = NNotesTests/Info.plist;
				LD_RUNPATH_SEARCH_PATHS = "$(inherited) @executable_path/Frameworks @loader_path/Frameworks";
				PRODUCT_BUNDLE_IDENTIFIER = "-.NNotesTests";
				PRODUCT_NAME = "$(TARGET_NAME)";
				TEST_HOST = "$(BUILT_PRODUCTS_DIR)/NNotes.app/NNotes";
			};
			name = Debug;
		};
		7D5427951D0D5D4600002073 /* Release */ = {
			isa = XCBuildConfiguration;
			baseConfigurationReference = 0D02DF067DF1820F09F9883D /* Pods-NNotesTests.release.xcconfig */;
			buildSettings = {
				BUNDLE_LOADER = "$(TEST_HOST)";
				INFOPLIST_FILE = NNotesTests/Info.plist;
				LD_RUNPATH_SEARCH_PATHS = "$(inherited) @executable_path/Frameworks @loader_path/Frameworks";
				PRODUCT_BUNDLE_IDENTIFIER = "-.NNotesTests";
				PRODUCT_NAME = "$(TARGET_NAME)";
				TEST_HOST = "$(BUILT_PRODUCTS_DIR)/NNotes.app/NNotes";
			};
			name = Release;
		};
		7D5427971D0D5D4600002073 /* Debug */ = {
			isa = XCBuildConfiguration;
			baseConfigurationReference = A7B323C631A6D69D95E81A06 /* Pods-NNotesUITests.debug.xcconfig */;
			buildSettings = {
				INFOPLIST_FILE = NNotesUITests/Info.plist;
				LD_RUNPATH_SEARCH_PATHS = "$(inherited) @executable_path/Frameworks @loader_path/Frameworks";
				PRODUCT_BUNDLE_IDENTIFIER = "-.NNotesUITests";
				PRODUCT_NAME = "$(TARGET_NAME)";
				TEST_TARGET_NAME = NNotes;
				USES_XCTRUNNER = YES;
			};
			name = Debug;
		};
		7D5427981D0D5D4600002073 /* Release */ = {
			isa = XCBuildConfiguration;
			baseConfigurationReference = 58C642D6236CEBA3C739FA92 /* Pods-NNotesUITests.release.xcconfig */;
			buildSettings = {
				INFOPLIST_FILE = NNotesUITests/Info.plist;
				LD_RUNPATH_SEARCH_PATHS = "$(inherited) @executable_path/Frameworks @loader_path/Frameworks";
				PRODUCT_BUNDLE_IDENTIFIER = "-.NNotesUITests";
				PRODUCT_NAME = "$(TARGET_NAME)";
				TEST_TARGET_NAME = NNotes;
				USES_XCTRUNNER = YES;
			};
			name = Release;
		};
/* End XCBuildConfiguration section */

/* Begin XCConfigurationList section */
		7D54275E1D0D5D4600002073 /* Build configuration list for PBXProject "NNotes" */ = {
			isa = XCConfigurationList;
			buildConfigurations = (
				7D54278E1D0D5D4600002073 /* Debug */,
				7D54278F1D0D5D4600002073 /* Release */,
			);
			defaultConfigurationIsVisible = 0;
			defaultConfigurationName = Release;
		};
		7D5427901D0D5D4600002073 /* Build configuration list for PBXNativeTarget "NNotes" */ = {
			isa = XCConfigurationList;
			buildConfigurations = (
				7D5427911D0D5D4600002073 /* Debug */,
				7D5427921D0D5D4600002073 /* Release */,
			);
			defaultConfigurationIsVisible = 0;
			defaultConfigurationName = Release;
		};
		7D5427931D0D5D4600002073 /* Build configuration list for PBXNativeTarget "NNotesTests" */ = {
			isa = XCConfigurationList;
			buildConfigurations = (
				7D5427941D0D5D4600002073 /* Debug */,
				7D5427951D0D5D4600002073 /* Release */,
			);
			defaultConfigurationIsVisible = 0;
			defaultConfigurationName = Release;
		};
		7D5427961D0D5D4600002073 /* Build configuration list for PBXNativeTarget "NNotesUITests" */ = {
			isa = XCConfigurationList;
			buildConfigurations = (
				7D5427971D0D5D4600002073 /* Debug */,
				7D5427981D0D5D4600002073 /* Release */,
			);
			defaultConfigurationIsVisible = 0;
			defaultConfigurationName = Release;
		};
/* End XCConfigurationList section */

/* Begin XCVersionGroup section */
		7D5427B11D0D75F500002073 /* DbNotesModel.xcdatamodeld */ = {
			isa = XCVersionGroup;
			children = (
				7D5427B21D0D75F500002073 /* DbNotesModel.xcdatamodel */,
			);
			currentVersion = 7D5427B21D0D75F500002073 /* DbNotesModel.xcdatamodel */;
			path = DbNotesModel.xcdatamodeld;
			sourceTree = "<group>";
			versionGroupType = wrapper.xcdatamodel;
		};
/* End XCVersionGroup section */
	};
	rootObject = 7D54275B1D0D5D4600002073 /* Project object */;
}
