// !$*UTF8*$!
{
	archiveVersion = 1;
	classes = {
	};
	objectVersion = 46;
	objects = {

/* Begin PBXBuildFile section */
		7D5427681D0D5D4600002073 /* main.m in Sources */ = {isa = PBXBuildFile; fileRef = 7D5427671D0D5D4600002073 /* main.m */; };
		7D54276B1D0D5D4600002073 /* AppDelegate.m in Sources */ = {isa = PBXBuildFile; fileRef = 7D54276A1D0D5D4600002073 /* AppDelegate.m */; };
		7D54276E1D0D5D4600002073 /* ViewController.m in Sources */ = {isa = PBXBuildFile; fileRef = 7D54276D1D0D5D4600002073 /* ViewController.m */; };
		7D5427711D0D5D4600002073 /* Main.storyboard in Resources */ = {isa = PBXBuildFile; fileRef = 7D54276F1D0D5D4600002073 /* Main.storyboard */; };
		7D5427731D0D5D4600002073 /* Assets.xcassets in Resources */ = {isa = PBXBuildFile; fileRef = 7D5427721D0D5D4600002073 /* Assets.xcassets */; };
		7D5427761D0D5D4600002073 /* LaunchScreen.storyboard in Resources */ = {isa = PBXBuildFile; fileRef = 7D5427741D0D5D4600002073 /* LaunchScreen.storyboard */; };
		7D5427811D0D5D4600002073 /* NNotesTests.m in Sources */ = {isa = PBXBuildFile; fileRef = 7D5427801D0D5D4600002073 /* NNotesTests.m */; };
		7D54278C1D0D5D4600002073 /* NNotesUITests.m in Sources */ = {isa = PBXBuildFile; fileRef = 7D54278B1D0D5D4600002073 /* NNotesUITests.m */; };
		7D5427A11D0D628400002073 /* NotesTableViewController.m in Sources */ = {isa = PBXBuildFile; fileRef = 7D5427A01D0D628400002073 /* NotesTableViewController.m */; };
		7D5427A41D0D6BDD00002073 /* Note.m in Sources */ = {isa = PBXBuildFile; fileRef = 7D5427A31D0D6BDD00002073 /* Note.m */; };
		7D5427B31D0D75F500002073 /* DbNotesModel.xcdatamodeld in Sources */ = {isa = PBXBuildFile; fileRef = 7D5427B11D0D75F500002073 /* DbNotesModel.xcdatamodeld */; };
		7D5427BB1D0D786B00002073 /* CoreData.framework in Frameworks */ = {isa = PBXBuildFile; fileRef = 7D5427BA1D0D786B00002073 /* CoreData.framework */; };
		7D5427BE1D0D79A600002073 /* NotesDataController.m in Sources */ = {isa = PBXBuildFile; fileRef = 7D5427BD1D0D79A600002073 /* NotesDataController.m */; };
		7DAED5C91D0F00C500CC2872 /* DbNote+CoreDataProperties.m in Sources */ = {isa = PBXBuildFile; fileRef = 7DAED5C61D0F00C400CC2872 /* DbNote+CoreDataProperties.m */; };
		7DAED5CA1D0F00C500CC2872 /* DbNote.m in Sources */ = {isa = PBXBuildFile; fileRef = 7DAED5C81D0F00C500CC2872 /* DbNote.m */; };
/* End PBXBuildFile section */

/* Begin PBXContainerItemProxy section */
		7D54277D1D0D5D4600002073 /* PBXContainerItemProxy */ = {
			isa = PBXContainerItemProxy;
			containerPortal = 7D54275B1D0D5D4600002073 /* Project object */;
			proxyType = 1;
			remoteGlobalIDString = 7D5427621D0D5D4600002073;
			remoteInfo = NNotes;
		};
		7D5427881D0D5D4600002073 /* PBXContainerItemProxy */ = {
			isa = PBXContainerItemProxy;
			containerPortal = 7D54275B1D0D5D4600002073 /* Project object */;
			proxyType = 1;
			remoteGlobalIDString = 7D5427621D0D5D4600002073;
			remoteInfo = NNotes;
		};
/* End PBXContainerItemProxy section */

/* Begin PBXFileReference section */
		7D5427631D0D5D4600002073 /* NNotes.app */ = {isa = PBXFileReference; explicitFileType = wrapper.application; includeInIndex = 0; path = NNotes.app; sourceTree = BUILT_PRODUCTS_DIR; };
		7D5427671D0D5D4600002073 /* main.m */ = {isa = PBXFileReference; lastKnownFileType = sourcecode.c.objc; path = main.m; sourceTree = "<group>"; };
		7D5427691D0D5D4600002073 /* AppDelegate.h */ = {isa = PBXFileReference; lastKnownFileType = sourcecode.c.h; path = AppDelegate.h; sourceTree = "<group>"; };
		7D54276A1D0D5D4600002073 /* AppDelegate.m */ = {isa = PBXFileReference; lastKnownFileType = sourcecode.c.objc; path = AppDelegate.m; sourceTree = "<group>"; };
		7D54276C1D0D5D4600002073 /* ViewController.h */ = {isa = PBXFileReference; lastKnownFileType = sourcecode.c.h; path = ViewController.h; sourceTree = "<group>"; };
		7D54276D1D0D5D4600002073 /* ViewController.m */ = {isa = PBXFileReference; lastKnownFileType = sourcecode.c.objc; path = ViewController.m; sourceTree = "<group>"; };
		7D5427701D0D5D4600002073 /* Base */ = {isa = PBXFileReference; lastKnownFileType = file.storyboard; name = Base; path = Base.lproj/Main.storyboard; sourceTree = "<group>"; };
		7D5427721D0D5D4600002073 /* Assets.xcassets */ = {isa = PBXFileReference; lastKnownFileType = folder.assetcatalog; path = Assets.xcassets; sourceTree = "<group>"; };
		7D5427751D0D5D4600002073 /* Base */ = {isa = PBXFileReference; lastKnownFileType = file.storyboard; name = Base; path = Base.lproj/LaunchScreen.storyboard; sourceTree = "<group>"; };
		7D5427771D0D5D4600002073 /* Info.plist */ = {isa = PBXFileReference; lastKnownFileType = text.plist.xml; path = Info.plist; sourceTree = "<group>"; };
		7D54277C1D0D5D4600002073 /* NNotesTests.xctest */ = {isa = PBXFileReference; explicitFileType = wrapper.cfbundle; includeInIndex = 0; path = NNotesTests.xctest; sourceTree = BUILT_PRODUCTS_DIR; };
		7D5427801D0D5D4600002073 /* NNotesTests.m */ = {isa = PBXFileReference; lastKnownFileType = sourcecode.c.objc; path = NNotesTests.m; sourceTree = "<group>"; };
		7D5427821D0D5D4600002073 /* Info.plist */ = {isa = PBXFileReference; lastKnownFileType = text.plist.xml; path = Info.plist; sourceTree = "<group>"; };
		7D5427871D0D5D4600002073 /* NNotesUITests.xctest */ = {isa = PBXFileReference; explicitFileType = wrapper.cfbundle; includeInIndex = 0; path = NNotesUITests.xctest; sourceTree = BUILT_PRODUCTS_DIR; };
		7D54278B1D0D5D4600002073 /* NNotesUITests.m */ = {isa = PBXFileReference; lastKnownFileType = sourcecode.c.objc; path = NNotesUITests.m; sourceTree = "<group>"; };
		7D54278D1D0D5D4600002073 /* Info.plist */ = {isa = PBXFileReference; lastKnownFileType = text.plist.xml; path = Info.plist; sourceTree = "<group>"; };
		7D54279F1D0D628400002073 /* NotesTableViewController.h */ = {isa = PBXFileReference; fileEncoding = 4; lastKnownFileType = sourcecode.c.h; path = NotesTableViewController.h; sourceTree = "<group>"; };
		7D5427A01D0D628400002073 /* NotesTableViewController.m */ = {isa = PBXFileReference; fileEncoding = 4; lastKnownFileType = sourcecode.c.objc; path = NotesTableViewController.m; sourceTree = "<group>"; };
		7D5427A21D0D6BDD00002073 /* Note.h */ = {isa = PBXFileReference; fileEncoding = 4; lastKnownFileType = sourcecode.c.h; path = Note.h; sourceTree = "<group>"; };
		7D5427A31D0D6BDD00002073 /* Note.m */ = {isa = PBXFileReference; fileEncoding = 4; lastKnownFileType = sourcecode.c.objc; path = Note.m; sourceTree = "<group>"; };
		7D5427B21D0D75F500002073 /* DbNotesModel.xcdatamodel */ = {isa = PBXFileReference; lastKnownFileType = wrapper.xcdatamodel; path = DbNotesModel.xcdatamodel; sourceTree = "<group>"; };
		7D5427BA1D0D786B00002073 /* CoreData.framework */ = {isa = PBXFileReference; lastKnownFileType = wrapper.framework; name = CoreData.framework; path = System/Library/Frameworks/CoreData.framework; sourceTree = SDKROOT; };
		7D5427BC1D0D79A600002073 /* NotesDataController.h */ = {isa = PBXFileReference; fileEncoding = 4; lastKnownFileType = sourcecode.c.h; path = NotesDataController.h; sourceTree = "<group>"; };
		7D5427BD1D0D79A600002073 /* NotesDataController.m */ = {isa = PBXFileReference; fileEncoding = 4; lastKnownFileType = sourcecode.c.objc; path = NotesDataController.m; sourceTree = "<group>"; };
		7DAED5C51D0F00C400CC2872 /* DbNote+CoreDataProperties.h */ = {isa = PBXFileReference; fileEncoding = 4; lastKnownFileType = sourcecode.c.h; path = "DbNote+CoreDataProperties.h"; sourceTree = "<group>"; };
		7DAED5C61D0F00C400CC2872 /* DbNote+CoreDataProperties.m */ = {isa = PBXFileReference; fileEncoding = 4; lastKnownFileType = sourcecode.c.objc; path = "DbNote+CoreDataProperties.m"; sourceTree = "<group>"; };
		7DAED5C71D0F00C500CC2872 /* DbNote.h */ = {isa = PBXFileReference; fileEncoding = 4; lastKnownFileType = sourcecode.c.h; path = DbNote.h; sourceTree = "<group>"; };
		7DAED5C81D0F00C500CC2872 /* DbNote.m */ = {isa = PBXFileReference; fileEncoding = 4; lastKnownFileType = sourcecode.c.objc; path = DbNote.m; sourceTree = "<group>"; };
/* End PBXFileReference section */

/* Begin PBXFrameworksBuildPhase section */
		7D5427601D0D5D4600002073 /* Frameworks */ = {
			isa = PBXFrameworksBuildPhase;
			buildActionMask = 2147483647;
			files = (
				7D5427BB1D0D786B00002073 /* CoreData.framework in Frameworks */,
			);
			runOnlyForDeploymentPostprocessing = 0;
		};
		7D5427791D0D5D4600002073 /* Frameworks */ = {
			isa = PBXFrameworksBuildPhase;
			buildActionMask = 2147483647;
			files = (
			);
			runOnlyForDeploymentPostprocessing = 0;
		};
		7D5427841D0D5D4600002073 /* Frameworks */ = {
			isa = PBXFrameworksBuildPhase;
			buildActionMask = 2147483647;
			files = (
			);
			runOnlyForDeploymentPostprocessing = 0;
		};
/* End PBXFrameworksBuildPhase section */

/* Begin PBXGroup section */
		7D54275A1D0D5D4600002073 = {
			isa = PBXGroup;
			children = (
				7D5427BA1D0D786B00002073 /* CoreData.framework */,
				7D5427651D0D5D4600002073 /* NNotes */,
				7D54277F1D0D5D4600002073 /* NNotesTests */,
				7D54278A1D0D5D4600002073 /* NNotesUITests */,
				7D5427641D0D5D4600002073 /* Products */,
			);
			sourceTree = "<group>";
		};
		7D5427641D0D5D4600002073 /* Products */ = {
			isa = PBXGroup;
			children = (
				7D5427631D0D5D4600002073 /* NNotes.app */,
				7D54277C1D0D5D4600002073 /* NNotesTests.xctest */,
				7D5427871D0D5D4600002073 /* NNotesUITests.xctest */,
			);
			name = Products;
			sourceTree = "<group>";
		};
		7D5427651D0D5D4600002073 /* NNotes */ = {
			isa = PBXGroup;
			children = (
				7D5427691D0D5D4600002073 /* AppDelegate.h */,
				7D54276A1D0D5D4600002073 /* AppDelegate.m */,
				7D54276C1D0D5D4600002073 /* ViewController.h */,
				7D54276D1D0D5D4600002073 /* ViewController.m */,
				7D54276F1D0D5D4600002073 /* Main.storyboard */,
				7D5427721D0D5D4600002073 /* Assets.xcassets */,
				7D5427741D0D5D4600002073 /* LaunchScreen.storyboard */,
				7D5427771D0D5D4600002073 /* Info.plist */,
				7D5427661D0D5D4600002073 /* Supporting Files */,
				7D54279F1D0D628400002073 /* NotesTableViewController.h */,
				7D5427A01D0D628400002073 /* NotesTableViewController.m */,
				7D5427A21D0D6BDD00002073 /* Note.h */,
				7D5427A31D0D6BDD00002073 /* Note.m */,
				7D5427B11D0D75F500002073 /* DbNotesModel.xcdatamodeld */,
				7D5427BC1D0D79A600002073 /* NotesDataController.h */,
				7D5427BD1D0D79A600002073 /* NotesDataController.m */,
				7DAED5C51D0F00C400CC2872 /* DbNote+CoreDataProperties.h */,
				7DAED5C61D0F00C400CC2872 /* DbNote+CoreDataProperties.m */,
				7DAED5C71D0F00C500CC2872 /* DbNote.h */,
				7DAED5C81D0F00C500CC2872 /* DbNote.m */,
			);
			path = NNotes;
			sourceTree = "<group>";
		};
		7D5427661D0D5D4600002073 /* Supporting Files */ = {
			isa = PBXGroup;
			children = (
				7D5427671D0D5D4600002073 /* main.m */,
			);
			name = "Supporting Files";
			sourceTree = "<group>";
		};
		7D54277F1D0D5D4600002073 /* NNotesTests */ = {
			isa = PBXGroup;
			children = (
				7D5427801D0D5D4600002073 /* NNotesTests.m */,
				7D5427821D0D5D4600002073 /* Info.plist */,
			);
			path = NNotesTests;
			sourceTree = "<group>";
		};
		7D54278A1D0D5D4600002073 /* NNotesUITests */ = {
			isa = PBXGroup;
			children = (
				7D54278B1D0D5D4600002073 /* NNotesUITests.m */,
				7D54278D1D0D5D4600002073 /* Info.plist */,
			);
			path = NNotesUITests;
			sourceTree = "<group>";
		};
/* End PBXGroup section */

/* Begin PBXNativeTarget section */
		7D5427621D0D5D4600002073 /* NNotes */ = {
			isa = PBXNativeTarget;
			buildConfigurationList = 7D5427901D0D5D4600002073 /* Build configuration list for PBXNativeTarget "NNotes" */;
			buildPhases = (
				7D54275F1D0D5D4600002073 /* Sources */,
				7D5427601D0D5D4600002073 /* Frameworks */,
				7D5427611D0D5D4600002073 /* Resources */,
			);
			buildRules = (
			);
			dependencies = (
			);
			name = NNotes;
			productName = NNotes;
			productReference = 7D5427631D0D5D4600002073 /* NNotes.app */;
			productType = "com.apple.product-type.application";
		};
		7D54277B1D0D5D4600002073 /* NNotesTests */ = {
			isa = PBXNativeTarget;
			buildConfigurationList = 7D5427931D0D5D4600002073 /* Build configuration list for PBXNativeTarget "NNotesTests" */;
			buildPhases = (
				7D5427781D0D5D4600002073 /* Sources */,
				7D5427791D0D5D4600002073 /* Frameworks */,
				7D54277A1D0D5D4600002073 /* Resources */,
			);
			buildRules = (
			);
			dependencies = (
				7D54277E1D0D5D4600002073 /* PBXTargetDependency */,
			);
			name = NNotesTests;
			productName = NNotesTests;
			productReference = 7D54277C1D0D5D4600002073 /* NNotesTests.xctest */;
			productType = "com.apple.product-type.bundle.unit-test";
		};
		7D5427861D0D5D4600002073 /* NNotesUITests */ = {
			isa = PBXNativeTarget;
			buildConfigurationList = 7D5427961D0D5D4600002073 /* Build configuration list for PBXNativeTarget "NNotesUITests" */;
			buildPhases = (
				7D5427831D0D5D4600002073 /* Sources */,
				7D5427841D0D5D4600002073 /* Frameworks */,
				7D5427851D0D5D4600002073 /* Resources */,
			);
			buildRules = (
			);
			dependencies = (
				7D5427891D0D5D4600002073 /* PBXTargetDependency */,
			);
			name = NNotesUITests;
			productName = NNotesUITests;
			productReference = 7D5427871D0D5D4600002073 /* NNotesUITests.xctest */;
			productType = "com.apple.product-type.bundle.ui-testing";
		};
/* End PBXNativeTarget section */

/* Begin PBXProject section */
		7D54275B1D0D5D4600002073 /* Project object */ = {
			isa = PBXProject;
			attributes = {
				LastUpgradeCheck = 0710;
				ORGANIZATIONNAME = "Ольга Выростко";
				TargetAttributes = {
					7D5427621D0D5D4600002073 = {
						CreatedOnToolsVersion = 7.1;
					};
					7D54277B1D0D5D4600002073 = {
						CreatedOnToolsVersion = 7.1;
						TestTargetID = 7D5427621D0D5D4600002073;
					};
					7D5427861D0D5D4600002073 = {
						CreatedOnToolsVersion = 7.1;
						TestTargetID = 7D5427621D0D5D4600002073;
					};
				};
			};
			buildConfigurationList = 7D54275E1D0D5D4600002073 /* Build configuration list for PBXProject "NNotes" */;
			compatibilityVersion = "Xcode 3.2";
			developmentRegion = English;
			hasScannedForEncodings = 0;
			knownRegions = (
				en,
				Base,
			);
			mainGroup = 7D54275A1D0D5D4600002073;
			productRefGroup = 7D5427641D0D5D4600002073 /* Products */;
			projectDirPath = "";
			projectRoot = "";
			targets = (
				7D5427621D0D5D4600002073 /* NNotes */,
				7D54277B1D0D5D4600002073 /* NNotesTests */,
				7D5427861D0D5D4600002073 /* NNotesUITests */,
			);
		};
/* End PBXProject section */

/* Begin PBXResourcesBuildPhase section */
		7D5427611D0D5D4600002073 /* Resources */ = {
			isa = PBXResourcesBuildPhase;
			buildActionMask = 2147483647;
			files = (
				7D5427761D0D5D4600002073 /* LaunchScreen.storyboard in Resources */,
				7D5427731D0D5D4600002073 /* Assets.xcassets in Resources */,
				7D5427711D0D5D4600002073 /* Main.storyboard in Resources */,
			);
			runOnlyForDeploymentPostprocessing = 0;
		};
		7D54277A1D0D5D4600002073 /* Resources */ = {
			isa = PBXResourcesBuildPhase;
			buildActionMask = 2147483647;
			files = (
			);
			runOnlyForDeploymentPostprocessing = 0;
		};
		7D5427851D0D5D4600002073 /* Resources */ = {
			isa = PBXResourcesBuildPhase;
			buildActionMask = 2147483647;
			files = (
			);
			runOnlyForDeploymentPostprocessing = 0;
		};
/* End PBXResourcesBuildPhase section */

/* Begin PBXSourcesBuildPhase section */
		7D54275F1D0D5D4600002073 /* Sources */ = {
			isa = PBXSourcesBuildPhase;
			buildActionMask = 2147483647;
			files = (
				7D5427A41D0D6BDD00002073 /* Note.m in Sources */,
				7D54276E1D0D5D4600002073 /* ViewController.m in Sources */,
				7D5427A11D0D628400002073 /* NotesTableViewController.m in Sources */,
				7D54276B1D0D5D4600002073 /* AppDelegate.m in Sources */,
				7D5427681D0D5D4600002073 /* main.m in Sources */,
				7DAED5C91D0F00C500CC2872 /* DbNote+CoreDataProperties.m in Sources */,
				7D5427B31D0D75F500002073 /* DbNotesModel.xcdatamodeld in Sources */,
				7D5427BE1D0D79A600002073 /* NotesDataController.m in Sources */,
				7DAED5CA1D0F00C500CC2872 /* DbNote.m in Sources */,
			);
			runOnlyForDeploymentPostprocessing = 0;
		};
		7D5427781D0D5D4600002073 /* Sources */ = {
			isa = PBXSourcesBuildPhase;
			buildActionMask = 2147483647;
			files = (
				7D5427811D0D5D4600002073 /* NNotesTests.m in Sources */,
			);
			runOnlyForDeploymentPostprocessing = 0;
		};
		7D5427831D0D5D4600002073 /* Sources */ = {
			isa = PBXSourcesBuildPhase;
			buildActionMask = 2147483647;
			files = (
				7D54278C1D0D5D4600002073 /* NNotesUITests.m in Sources */,
			);
			runOnlyForDeploymentPostprocessing = 0;
		};
/* End PBXSourcesBuildPhase section */

/* Begin PBXTargetDependency section */
		7D54277E1D0D5D4600002073 /* PBXTargetDependency */ = {
			isa = PBXTargetDependency;
			target = 7D5427621D0D5D4600002073 /* NNotes */;
			targetProxy = 7D54277D1D0D5D4600002073 /* PBXContainerItemProxy */;
		};
		7D5427891D0D5D4600002073 /* PBXTargetDependency */ = {
			isa = PBXTargetDependency;
			target = 7D5427621D0D5D4600002073 /* NNotes */;
			targetProxy = 7D5427881D0D5D4600002073 /* PBXContainerItemProxy */;
		};
/* End PBXTargetDependency section */

/* Begin PBXVariantGroup section */
		7D54276F1D0D5D4600002073 /* Main.storyboard */ = {
			isa = PBXVariantGroup;
			children = (
				7D5427701D0D5D4600002073 /* Base */,
			);
			name = Main.storyboard;
			sourceTree = "<group>";
		};
		7D5427741D0D5D4600002073 /* LaunchScreen.storyboard */ = {
			isa = PBXVariantGroup;
			children = (
				7D5427751D0D5D4600002073 /* Base */,
			);
			name = LaunchScreen.storyboard;
			sourceTree = "<group>";
		};
/* End PBXVariantGroup section */

/* Begin XCBuildConfiguration section */
		7D54278E1D0D5D4600002073 /* Debug */ = {
			isa = XCBuildConfiguration;
			buildSettings = {
				ALWAYS_SEARCH_USER_PATHS = NO;
				CLANG_CXX_LANGUAGE_STANDARD = "gnu++0x";
				CLANG_CXX_LIBRARY = "libc++";
				CLANG_ENABLE_MODULES = YES;
				CLANG_ENABLE_OBJC_ARC = YES;
				CLANG_WARN_BOOL_CONVERSION = YES;
				CLANG_WARN_CONSTANT_CONVERSION = YES;
				CLANG_WARN_DIRECT_OBJC_ISA_USAGE = YES_ERROR;
				CLANG_WARN_EMPTY_BODY = YES;
				CLANG_WARN_ENUM_CONVERSION = YES;
				CLANG_WARN_INT_CONVERSION = YES;
				CLANG_WARN_OBJC_ROOT_CLASS = YES_ERROR;
				CLANG_WARN_UNREACHABLE_CODE = YES;
				CLANG_WARN__DUPLICATE_METHOD_MATCH = YES;
				"CODE_SIGN_IDENTITY[sdk=iphoneos*]" = "iPhone Developer";
				COPY_PHASE_STRIP = NO;
				DEBUG_INFORMATION_FORMAT = dwarf;
				ENABLE_STRICT_OBJC_MSGSEND = YES;
				ENABLE_TESTABILITY = YES;
				GCC_C_LANGUAGE_STANDARD = gnu99;
				GCC_DYNAMIC_NO_PIC = NO;
				GCC_NO_COMMON_BLOCKS = YES;
				GCC_OPTIMIZATION_LEVEL = 0;
				GCC_PREPROCESSOR_DEFINITIONS = (
					"DEBUG=1",
					"$(inherited)",
				);
				GCC_WARN_64_TO_32_BIT_CONVERSION = YES;
				GCC_WARN_ABOUT_RETURN_TYPE = YES_ERROR;
				GCC_WARN_UNDECLARED_SELECTOR = YES;
				GCC_WARN_UNINITIALIZED_AUTOS = YES_AGGRESSIVE;
				GCC_WARN_UNUSED_FUNCTION = YES;
				GCC_WARN_UNUSED_VARIABLE = YES;
				IPHONEOS_DEPLOYMENT_TARGET = 9.1;
				MTL_ENABLE_DEBUG_INFO = YES;
				ONLY_ACTIVE_ARCH = YES;
				SDKROOT = iphoneos;
				TARGETED_DEVICE_FAMILY = "1,2";
			};
			name = Debug;
		};
		7D54278F1D0D5D4600002073 /* Release */ = {
			isa = XCBuildConfiguration;
			buildSettings = {
				ALWAYS_SEARCH_USER_PATHS = NO;
				CLANG_CXX_LANGUAGE_STANDARD = "gnu++0x";
				CLANG_CXX_LIBRARY = "libc++";
				CLANG_ENABLE_MODULES = YES;
				CLANG_ENABLE_OBJC_ARC = YES;
				CLANG_WARN_BOOL_CONVERSION = YES;
				CLANG_WARN_CONSTANT_CONVERSION = YES;
				CLANG_WARN_DIRECT_OBJC_ISA_USAGE = YES_ERROR;
				CLANG_WARN_EMPTY_BODY = YES;
				CLANG_WARN_ENUM_CONVERSION = YES;
				CLANG_WARN_INT_CONVERSION = YES;
				CLANG_WARN_OBJC_ROOT_CLASS = YES_ERROR;
				CLANG_WARN_UNREACHABLE_CODE = YES;
				CLANG_WARN__DUPLICATE_METHOD_MATCH = YES;
				"CODE_SIGN_IDENTITY[sdk=iphoneos*]" = "iPhone Developer";
				COPY_PHASE_STRIP = NO;
				DEBUG_INFORMATION_FORMAT = "dwarf-with-dsym";
				ENABLE_NS_ASSERTIONS = NO;
				ENABLE_STRICT_OBJC_MSGSEND = YES;
				GCC_C_LANGUAGE_STANDARD = gnu99;
				GCC_NO_COMMON_BLOCKS = YES;
				GCC_WARN_64_TO_32_BIT_CONVERSION = YES;
				GCC_WARN_ABOUT_RETURN_TYPE = YES_ERROR;
				GCC_WARN_UNDECLARED_SELECTOR = YES;
				GCC_WARN_UNINITIALIZED_AUTOS = YES_AGGRESSIVE;
				GCC_WARN_UNUSED_FUNCTION = YES;
				GCC_WARN_UNUSED_VARIABLE = YES;
				IPHONEOS_DEPLOYMENT_TARGET = 9.1;
				MTL_ENABLE_DEBUG_INFO = NO;
				SDKROOT = iphoneos;
				TARGETED_DEVICE_FAMILY = "1,2";
				VALIDATE_PRODUCT = YES;
			};
			name = Release;
		};
		7D5427911D0D5D4600002073 /* Debug */ = {
			isa = XCBuildConfiguration;
			buildSettings = {
				ASSETCATALOG_COMPILER_APPICON_NAME = AppIcon;
				INFOPLIST_FILE = NNotes/Info.plist;
				LD_RUNPATH_SEARCH_PATHS = "$(inherited) @executable_path/Frameworks";
				PRODUCT_BUNDLE_IDENTIFIER = "-.NNotes";
				PRODUCT_NAME = "$(TARGET_NAME)";
				TARGETED_DEVICE_FAMILY = "1,2";
			};
			name = Debug;
		};
		7D5427921D0D5D4600002073 /* Release */ = {
			isa = XCBuildConfiguration;
			buildSettings = {
				ASSETCATALOG_COMPILER_APPICON_NAME = AppIcon;
				INFOPLIST_FILE = NNotes/Info.plist;
				LD_RUNPATH_SEARCH_PATHS = "$(inherited) @executable_path/Frameworks";
				PRODUCT_BUNDLE_IDENTIFIER = "-.NNotes";
				PRODUCT_NAME = "$(TARGET_NAME)";
				TARGETED_DEVICE_FAMILY = "1,2";
			};
			name = Release;
		};
		7D5427941D0D5D4600002073 /* Debug */ = {
			isa = XCBuildConfiguration;
			buildSettings = {
				BUNDLE_LOADER = "$(TEST_HOST)";
				INFOPLIST_FILE = NNotesTests/Info.plist;
				LD_RUNPATH_SEARCH_PATHS = "$(inherited) @executable_path/Frameworks @loader_path/Frameworks";
				PRODUCT_BUNDLE_IDENTIFIER = "-.NNotesTests";
				PRODUCT_NAME = "$(TARGET_NAME)";
				TEST_HOST = "$(BUILT_PRODUCTS_DIR)/NNotes.app/NNotes";
			};
			name = Debug;
		};
		7D5427951D0D5D4600002073 /* Release */ = {
			isa = XCBuildConfiguration;
			buildSettings = {
				BUNDLE_LOADER = "$(TEST_HOST)";
				INFOPLIST_FILE = NNotesTests/Info.plist;
				LD_RUNPATH_SEARCH_PATHS = "$(inherited) @executable_path/Frameworks @loader_path/Frameworks";
				PRODUCT_BUNDLE_IDENTIFIER = "-.NNotesTests";
				PRODUCT_NAME = "$(TARGET_NAME)";
				TEST_HOST = "$(BUILT_PRODUCTS_DIR)/NNotes.app/NNotes";
			};
			name = Release;
		};
		7D5427971D0D5D4600002073 /* Debug */ = {
			isa = XCBuildConfiguration;
			buildSettings = {
				INFOPLIST_FILE = NNotesUITests/Info.plist;
				LD_RUNPATH_SEARCH_PATHS = "$(inherited) @executable_path/Frameworks @loader_path/Frameworks";
				PRODUCT_BUNDLE_IDENTIFIER = "-.NNotesUITests";
				PRODUCT_NAME = "$(TARGET_NAME)";
				TEST_TARGET_NAME = NNotes;
				USES_XCTRUNNER = YES;
			};
			name = Debug;
		};
		7D5427981D0D5D4600002073 /* Release */ = {
			isa = XCBuildConfiguration;
			buildSettings = {
				INFOPLIST_FILE = NNotesUITests/Info.plist;
				LD_RUNPATH_SEARCH_PATHS = "$(inherited) @executable_path/Frameworks @loader_path/Frameworks";
				PRODUCT_BUNDLE_IDENTIFIER = "-.NNotesUITests";
				PRODUCT_NAME = "$(TARGET_NAME)";
				TEST_TARGET_NAME = NNotes;
				USES_XCTRUNNER = YES;
			};
			name = Release;
		};
/* End XCBuildConfiguration section */

/* Begin XCConfigurationList section */
		7D54275E1D0D5D4600002073 /* Build configuration list for PBXProject "NNotes" */ = {
			isa = XCConfigurationList;
			buildConfigurations = (
				7D54278E1D0D5D4600002073 /* Debug */,
				7D54278F1D0D5D4600002073 /* Release */,
			);
			defaultConfigurationIsVisible = 0;
			defaultConfigurationName = Release;
		};
		7D5427901D0D5D4600002073 /* Build configuration list for PBXNativeTarget "NNotes" */ = {
			isa = XCConfigurationList;
			buildConfigurations = (
				7D5427911D0D5D4600002073 /* Debug */,
				7D5427921D0D5D4600002073 /* Release */,
			);
			defaultConfigurationIsVisible = 0;
			defaultConfigurationName = Release;
		};
		7D5427931D0D5D4600002073 /* Build configuration list for PBXNativeTarget "NNotesTests" */ = {
			isa = XCConfigurationList;
			buildConfigurations = (
				7D5427941D0D5D4600002073 /* Debug */,
				7D5427951D0D5D4600002073 /* Release */,
			);
			defaultConfigurationIsVisible = 0;
			defaultConfigurationName = Release;
		};
		7D5427961D0D5D4600002073 /* Build configuration list for PBXNativeTarget "NNotesUITests" */ = {
			isa = XCConfigurationList;
			buildConfigurations = (
				7D5427971D0D5D4600002073 /* Debug */,
				7D5427981D0D5D4600002073 /* Release */,
			);
			defaultConfigurationIsVisible = 0;
			defaultConfigurationName = Release;
		};
/* End XCConfigurationList section */

/* Begin XCVersionGroup section */
		7D5427B11D0D75F500002073 /* DbNotesModel.xcdatamodeld */ = {
			isa = XCVersionGroup;
			children = (
				7D5427B21D0D75F500002073 /* DbNotesModel.xcdatamodel */,
			);
			currentVersion = 7D5427B21D0D75F500002073 /* DbNotesModel.xcdatamodel */;
			path = DbNotesModel.xcdatamodeld;
			sourceTree = "<group>";
			versionGroupType = wrapper.xcdatamodel;
		};
/* End XCVersionGroup section */
	};
	rootObject = 7D54275B1D0D5D4600002073 /* Project object */;
}
